
Microsoft Visual Studio Solution File, Format Version 12.00
# Visual Studio Version 17
VisualStudioVersion = 17.7.34024.191
MinimumVisualStudioVersion = 10.0.40219.1
Project("{8BC9CEB8-8B4A-11D0-8D11-00A0C91BC942}") = "HoloShort", "HoloShort.vcxproj", "{F591028C-9D82-408C-998F-A52973597C46}"
EndProject
Project("{8BC9CEB8-8B4A-11D0-8D11-00A0C91BC942}") = "Garnet", "..\Garnet\Garnet\Garnet.vcxproj", "{9BB5F0A3-4CD3-470F-8D71-8C187FA3332B}"
EndProject
Global
	GlobalSection(SolutionConfigurationPlatforms) = preSolution
		CompGL|x64 = CompGL|x64
		CompGL|x86 = CompGL|x86
		Debug|x64 = Debug|x64
		Debug|x86 = Debug|x86
		DebugGL|x64 = DebugGL|x64
		DebugGL|x86 = DebugGL|x86
		DebugGLFW|x64 = DebugGLFW|x64
		DebugGLFW|x86 = DebugGLFW|x86
		DebugWG|x64 = DebugWG|x64
		DebugWG|x86 = DebugWG|x86
		Release|x64 = Release|x64
		Release|x86 = Release|x86
		ReleaseGL|x64 = ReleaseGL|x64
		ReleaseGL|x86 = ReleaseGL|x86
		ReleaseGLFW|x64 = ReleaseGLFW|x64
		ReleaseGLFW|x86 = ReleaseGLFW|x86
		ReleaseWG|x64 = ReleaseWG|x64
		ReleaseWG|x86 = ReleaseWG|x86
	EndGlobalSection
	GlobalSection(ProjectConfigurationPlatforms) = postSolution
		{F591028C-9D82-408C-998F-A52973597C46}.CompGL|x64.ActiveCfg = CompGL|x64
		{F591028C-9D82-408C-998F-A52973597C46}.CompGL|x64.Build.0 = CompGL|x64
		{F591028C-9D82-408C-998F-A52973597C46}.CompGL|x86.ActiveCfg = Release|Win32
		{F591028C-9D82-408C-998F-A52973597C46}.CompGL|x86.Build.0 = Release|Win32
		{F591028C-9D82-408C-998F-A52973597C46}.Debug|x64.ActiveCfg = Debug|x64
		{F591028C-9D82-408C-998F-A52973597C46}.Debug|x64.Build.0 = Debug|x64
		{F591028C-9D82-408C-998F-A52973597C46}.Debug|x86.ActiveCfg = Debug|Win32
		{F591028C-9D82-408C-998F-A52973597C46}.Debug|x86.Build.0 = Debug|Win32
		{F591028C-9D82-408C-998F-A52973597C46}.DebugGL|x64.ActiveCfg = DebugGL|x64
		{F591028C-9D82-408C-998F-A52973597C46}.DebugGL|x64.Build.0 = DebugGL|x64
		{F591028C-9D82-408C-998F-A52973597C46}.DebugGL|x86.ActiveCfg = Debug|Win32
		{F591028C-9D82-408C-998F-A52973597C46}.DebugGL|x86.Build.0 = Debug|Win32
		{F591028C-9D82-408C-998F-A52973597C46}.DebugGLFW|x64.ActiveCfg = DebugGLFW|x64
		{F591028C-9D82-408C-998F-A52973597C46}.DebugGLFW|x64.Build.0 = DebugGLFW|x64
		{F591028C-9D82-408C-998F-A52973597C46}.DebugGLFW|x86.ActiveCfg = Debug|Win32
		{F591028C-9D82-408C-998F-A52973597C46}.DebugGLFW|x86.Build.0 = Debug|Win32
		{F591028C-9D82-408C-998F-A52973597C46}.DebugWG|x64.ActiveCfg = DebugWG|x64
		{F591028C-9D82-408C-998F-A52973597C46}.DebugWG|x64.Build.0 = DebugWG|x64
		{F591028C-9D82-408C-998F-A52973597C46}.DebugWG|x86.ActiveCfg = Debug|Win32
		{F591028C-9D82-408C-998F-A52973597C46}.DebugWG|x86.Build.0 = Debug|Win32
		{F591028C-9D82-408C-998F-A52973597C46}.Release|x64.ActiveCfg = Release|x64
		{F591028C-9D82-408C-998F-A52973597C46}.Release|x64.Build.0 = Release|x64
		{F591028C-9D82-408C-998F-A52973597C46}.Release|x86.ActiveCfg = Release|Win32
		{F591028C-9D82-408C-998F-A52973597C46}.Release|x86.Build.0 = Release|Win32
		{F591028C-9D82-408C-998F-A52973597C46}.ReleaseGL|x64.ActiveCfg = ReleaseGL|x64
		{F591028C-9D82-408C-998F-A52973597C46}.ReleaseGL|x64.Build.0 = ReleaseGL|x64
		{F591028C-9D82-408C-998F-A52973597C46}.ReleaseGL|x86.ActiveCfg = Release|Win32
		{F591028C-9D82-408C-998F-A52973597C46}.ReleaseGL|x86.Build.0 = Release|Win32
		{F591028C-9D82-408C-998F-A52973597C46}.ReleaseGLFW|x64.ActiveCfg = ReleaseGLFW|x64
		{F591028C-9D82-408C-998F-A52973597C46}.ReleaseGLFW|x64.Build.0 = ReleaseGLFW|x64
		{F591028C-9D82-408C-998F-A52973597C46}.ReleaseGLFW|x86.ActiveCfg = ReleaseGLFW|Win32
		{F591028C-9D82-408C-998F-A52973597C46}.ReleaseGLFW|x86.Build.0 = ReleaseGLFW|Win32
		{F591028C-9D82-408C-998F-A52973597C46}.ReleaseWG|x64.ActiveCfg = ReleaseWG|x64
		{F591028C-9D82-408C-998F-A52973597C46}.ReleaseWG|x64.Build.0 = ReleaseWG|x64
		{F591028C-9D82-408C-998F-A52973597C46}.ReleaseWG|x86.ActiveCfg = Release|Win32
		{F591028C-9D82-408C-998F-A52973597C46}.ReleaseWG|x86.Build.0 = Release|Win32
		{9BB5F0A3-4CD3-470F-8D71-8C187FA3332B}.CompGL|x64.ActiveCfg = CompGL|x64
		{9BB5F0A3-4CD3-470F-8D71-8C187FA3332B}.CompGL|x64.Build.0 = CompGL|x64
		{9BB5F0A3-4CD3-470F-8D71-8C187FA3332B}.CompGL|x86.ActiveCfg = CompGL|Win32
		{9BB5F0A3-4CD3-470F-8D71-8C187FA3332B}.CompGL|x86.Build.0 = CompGL|Win32
		{9BB5F0A3-4CD3-470F-8D71-8C187FA3332B}.Debug|x64.ActiveCfg = Debug|x64
		{9BB5F0A3-4CD3-470F-8D71-8C187FA3332B}.Debug|x64.Build.0 = Debug|x64
		{9BB5F0A3-4CD3-470F-8D71-8C187FA3332B}.Debug|x86.ActiveCfg = Debug|Win32
		{9BB5F0A3-4CD3-470F-8D71-8C187FA3332B}.Debug|x86.Build.0 = Debug|Win32
		{9BB5F0A3-4CD3-470F-8D71-8C187FA3332B}.DebugGL|x64.ActiveCfg = DebugGL|x64
		{9BB5F0A3-4CD3-470F-8D71-8C187FA3332B}.DebugGL|x64.Build.0 = DebugGL|x64
		{9BB5F0A3-4CD3-470F-8D71-8C187FA3332B}.DebugGL|x86.ActiveCfg = DebugGL|Win32
		{9BB5F0A3-4CD3-470F-8D71-8C187FA3332B}.DebugGL|x86.Build.0 = DebugGL|Win32
		{9BB5F0A3-4CD3-470F-8D71-8C187FA3332B}.DebugGLFW|x64.ActiveCfg = DebugGLFW|x64
		{9BB5F0A3-4CD3-470F-8D71-8C187FA3332B}.DebugGLFW|x64.Build.0 = DebugGLFW|x64
		{9BB5F0A3-4CD3-470F-8D71-8C187FA3332B}.DebugGLFW|x86.ActiveCfg = DebugGLFW|Win32
		{9BB5F0A3-4CD3-470F-8D71-8C187FA3332B}.DebugGLFW|x86.Build.0 = DebugGLFW|Win32
		{9BB5F0A3-4CD3-470F-8D71-8C187FA3332B}.DebugWG|x64.ActiveCfg = DebugWG|x64
		{9BB5F0A3-4CD3-470F-8D71-8C187FA3332B}.DebugWG|x64.Build.0 = DebugWG|x64
		{9BB5F0A3-4CD3-470F-8D71-8C187FA3332B}.DebugWG|x86.ActiveCfg = DebugWG|Win32
		{9BB5F0A3-4CD3-470F-8D71-8C187FA3332B}.DebugWG|x86.Build.0 = DebugWG|Win32
		{9BB5F0A3-4CD3-470F-8D71-8C187FA3332B}.Release|x64.ActiveCfg = Release|x64
		{9BB5F0A3-4CD3-470F-8D71-8C187FA3332B}.Release|x64.Build.0 = Release|x64
		{9BB5F0A3-4CD3-470F-8D71-8C187FA3332B}.Release|x86.ActiveCfg = Release|Win32
		{9BB5F0A3-4CD3-470F-8D71-8C187FA3332B}.Release|x86.Build.0 = Release|Win32
		{9BB5F0A3-4CD3-470F-8D71-8C187FA3332B}.ReleaseGL|x64.ActiveCfg = ReleaseGL|x64
		{9BB5F0A3-4CD3-470F-8D71-8C187FA3332B}.ReleaseGL|x64.Build.0 = ReleaseGL|x64
		{9BB5F0A3-4CD3-470F-8D71-8C187FA3332B}.ReleaseGL|x86.ActiveCfg = ReleaseGL|Win32
		{9BB5F0A3-4CD3-470F-8D71-8C187FA3332B}.ReleaseGL|x86.Build.0 = ReleaseGL|Win32
		{9BB5F0A3-4CD3-470F-8D71-8C187FA3332B}.ReleaseGLFW|x64.ActiveCfg = ReleaseGLFW|x64
		{9BB5F0A3-4CD3-470F-8D71-8C187FA3332B}.ReleaseGLFW|x64.Build.0 = ReleaseGLFW|x64
		{9BB5F0A3-4CD3-470F-8D71-8C187FA3332B}.ReleaseGLFW|x86.ActiveCfg = ReleaseGLFW|Win32
		{9BB5F0A3-4CD3-470F-8D71-8C187FA3332B}.ReleaseGLFW|x86.Build.0 = ReleaseGLFW|Win32
		{9BB5F0A3-4CD3-470F-8D71-8C187FA3332B}.ReleaseWG|x64.ActiveCfg = ReleaseWG|x64
		{9BB5F0A3-4CD3-470F-8D71-8C187FA3332B}.ReleaseWG|x64.Build.0 = ReleaseWG|x64
		{9BB5F0A3-4CD3-470F-8D71-8C187FA3332B}.ReleaseWG|x86.ActiveCfg = ReleaseWG|Win32
		{9BB5F0A3-4CD3-470F-8D71-8C187FA3332B}.ReleaseWG|x86.Build.0 = ReleaseWG|Win32
	EndGlobalSection
	GlobalSection(SolutionProperties) = preSolution
		HideSolutionNode = FALSE
	EndGlobalSection
	GlobalSection(ExtensibilityGlobals) = postSolution
		SolutionGuid = {BF07417C-310D-41C2-8680-6297ECF4E529}
	EndGlobalSection
EndGlobal
